
Microsoft Visual Studio Solution File, Format Version 12.00
# Visual Studio Version 17
VisualStudioVersion = 17.9.34622.214
MinimumVisualStudioVersion = 10.0.40219.1
Project("{FAE04EC0-301F-11D3-BF4B-00C04F79EFBC}") = "iKnow", "iKnow\iKnow.csproj", "{8F32C3AA-29BD-406F-BB72-006382845293}"
EndProject
Global
	GlobalSection(SolutionConfigurationPlatforms) = preSolution
		Debug|Any CPU = Debug|Any CPU
		Release|Any CPU = Release|Any CPU
	EndGlobalSection
	GlobalSection(ProjectConfigurationPlatforms) = postSolution
		{8F32C3AA-29BD-406F-BB72-006382845293}.Debug|Any CPU.ActiveCfg = Debug|Any CPU
		{8F32C3AA-29BD-406F-BB72-006382845293}.Debug|Any CPU.Build.0 = Debug|Any CPU
		{8F32C3AA-29BD-406F-BB72-006382845293}.Release|Any CPU.ActiveCfg = Release|Any CPU
		{8F32C3AA-29BD-406F-BB72-006382845293}.Release|Any CPU.Build.0 = Release|Any CPU
	EndGlobalSection
	GlobalSection(SolutionProperties) = preSolution
		HideSolutionNode = FALSE
	EndGlobalSection
	GlobalSection(ExtensibilityGlobals) = postSolution
		SolutionGuid = {35B20BAC-F2C8-4616-B167-BE324DC25336}
	EndGlobalSection
EndGlobal
